dependencies:
- name: sonarr
  repository: oci://tccr.io/truecharts
  version: 21.2.1
- name: radarr
  repository: oci://tccr.io/truecharts
  version: 21.2.1
- name: prowlarr
  repository: oci://tccr.io/truecharts
  version: 16.2.1
- name: qbittorrent
  repository: oci://tccr.io/truecharts
  version: 19.4.1
- name: jellyseerr
  repository: oci://tccr.io/truecharts
  version: 9.5.2
- name: jellyfin
  repository: oci://tccr.io/truecharts
  version: 18.7.7
- name: flaresolverr
  repository: oci://tccr.io/truecharts
  version: 13.4.1
digest: sha256:a87b429e2dcb85088ac2a4190f4d6157b8162f01dcc3430053fb3e387d75c3b0
generated: "2025-09-08T12:24:15.751435947+02:00"
